PODS:
  - Flutter (1.0.0)
  - integration_test (0.0.1):
    - Flutter
  - mobile_payment_plugin (0.0.1):
    - Flutter
    - mobile_payment_plugin/ThreeDS_SDK (= 0.0.1)
    - MobilePaymentSDK-iOS
  - mobile_payment_plugin/ThreeDS_SDK (0.0.1):
    - Flutter
    - MobilePaymentSDK-iOS
  - MobilePaymentSDK-iOS (1.0.7)
  - shared_preferences_foundation (0.0.1):
    - Flutter
    - FlutterMacOS

DEPENDENCIES:
  - Flutter (from `Flutter`)
  - integration_test (from `.symlinks/plugins/integration_test/ios`)
  - mobile_payment_plugin (from `.symlinks/plugins/mobile_payment_plugin/ios`)
  - shared_preferences_foundation (from `.symlinks/plugins/shared_preferences_foundation/darwin`)

SPEC REPOS:
  trunk:
    - MobilePaymentSDK-iOS

EXTERNAL SOURCES:
  Flutter:
    :path: Flutter
  integration_test:
    :path: ".symlinks/plugins/integration_test/ios"
  mobile_payment_plugin:
    :path: ".symlinks/plugins/mobile_payment_plugin/ios"
  shared_preferences_foundation:
    :path: ".symlinks/plugins/shared_preferences_foundation/darwin"

SPEC CHECKSUMS:
  Flutter: e0871f40cf51350855a761d2e70bf5af5b9b5de7
  integration_test: 252f60fa39af5e17c3aa9899d35d908a0721b573
  mobile_payment_plugin: 5cf5b4419561003113519bba1f93b148a7d20be4
  MobilePaymentSDK-iOS: 9cdf9f81d07c9589024d7c1a9751da130673839d
  shared_preferences_foundation: fcdcbc04712aee1108ac7fda236f363274528f78

PODFILE CHECKSUM: 9a099fd22153735a9d1e72d33dc61e24ab92c23d

COCOAPODS: 1.16.2
